
Microsoft Visual Studio Solution File, Format Version 12.00
# Visual Studio Version 16
VisualStudioVersion = 25.0.1705.0
MinimumVisualStudioVersion = 10.0.40219.1
Project("{FAE04EC0-301F-11D3-BF4B-00C04F79EFBC}") = "RESTfulFoundation.Server", "RESTfulFoundation.Server.csproj", "{054041D0-6472-4EB2-BEB0-C6D8CC2C4FEF}"
EndProject
Global
	GlobalSection(SolutionConfigurationPlatforms) = preSolution
		Debug|Any CPU = Debug|Any CPU
		Release|Any CPU = Release|Any CPU
	EndGlobalSection
	GlobalSection(ProjectConfigurationPlatforms) = postSolution
		{054041D0-6472-4EB2-BEB0-C6D8CC2C4FEF}.Debug|Any CPU.ActiveCfg = Debug|Any CPU
		{054041D0-6472-4EB2-BEB0-C6D8CC2C4FEF}.Debug|Any CPU.Build.0 = Debug|Any CPU
		{054041D0-6472-4EB2-BEB0-C6D8CC2C4FEF}.Release|Any CPU.ActiveCfg = Release|Any CPU
		{054041D0-6472-4EB2-BEB0-C6D8CC2C4FEF}.Release|Any CPU.Build.0 = Release|Any CPU
	EndGlobalSection
	GlobalSection(SolutionProperties) = preSolution
		HideSolutionNode = FALSE
	EndGlobalSection
	GlobalSection(ExtensibilityGlobals) = postSolution
		SolutionGuid = {FC79B5D6-F6DA-44A6-B288-61330193F5A3}
	EndGlobalSection
	GlobalSection(MonoDevelopProperties) = preSolution
		description = A collection of convenience classes to ease in the development of RESTful WebAPI interfaces ( specifically adding a simple Result object for Success/Fail operations, and a Pageable ListResult for handling arrays )
		version = 1.0.0
	EndGlobalSection
EndGlobal
